{
  "name": "pwii-project",
  "version": "1.0.0",
  "lockfileVersion": 1,
  "requires": true,
  "dependencies": {
    "mongoose-field-encryption": {
      "version": "5.0.2",
      "resolved": "https://registry.npmjs.org/mongoose-field-encryption/-/mongoose-field-encryption-5.0.2.tgz",
      "integrity": "sha512-2gV0AgChsKv9UD+eqh7g6J/JC2MxrnhLH+vX21fLFLEs4fnjRg6CwXaQfSs51TIlh26DJisYlG5iY1DjqFKsCQ=="
    }
  }
}
